
Microsoft Visual Studio Solution File, Format Version 12.00
# Visual Studio Version 17
VisualStudioVersion = 17.3.32819.101
MinimumVisualStudioVersion = 10.0.40219.1
Project("{2150E333-8FDC-42A3-9474-1A3956D46DE8}") = "Core", "Core", "{7EF4754F-D607-40D6-AAC5-EC83EFACB625}"
EndProject
Project("{9A19103F-16F7-4668-BE54-9A1E7A4F7556}") = "ETicaretAPI.Domain", "Core\ETicaretAPI.Domain\ETicaretAPI.Domain.csproj", "{F8F32815-5C49-4340-8BCC-2AB32419A657}"
EndProject
Project("{9A19103F-16F7-4668-BE54-9A1E7A4F7556}") = "ETicaretAPI.Application", "Core\ETicaretAPI.Application\ETicaretAPI.Application.csproj", "{961A0CA6-12D0-4BD6-9333-B5C5B70DD402}"
EndProject
Project("{2150E333-8FDC-42A3-9474-1A3956D46DE8}") = "Infrastructure", "Infrastructure", "{AA00EA92-6B11-4069-B989-301C6CC9D4F1}"
EndProject
Project("{9A19103F-16F7-4668-BE54-9A1E7A4F7556}") = "ETicaretAPI.Infrastructure", "Infrastructure\ETicaretAPI.Infrastructure\ETicaretAPI.Infrastructure.csproj", "{3CE07628-B884-456F-9ACD-054B59E7A734}"
EndProject
Project("{9A19103F-16F7-4668-BE54-9A1E7A4F7556}") = "ETicaretAPI.Persistence", "Infrastructure\ETicaretAPI.Persistence\ETicaretAPI.Persistence.csproj", "{3D1DDBA0-37DE-461D-8FB9-1CF2541CA5D4}"
EndProject
Project("{2150E333-8FDC-42A3-9474-1A3956D46DE8}") = "Presentation", "Presentation", "{ADF5C2E9-6065-4A9F-B5CB-DDE4D4168192}"
EndProject
Project("{9A19103F-16F7-4668-BE54-9A1E7A4F7556}") = "ETicaretAPI.API", "Presentation\ETicaretAPI.API\ETicaretAPI.API.csproj", "{59CB4581-C5C1-4EFC-96B1-389BE9EC3F46}"
	ProjectSection(ProjectDependencies) = postProject
		{3CE07628-B884-456F-9ACD-054B59E7A734} = {3CE07628-B884-456F-9ACD-054B59E7A734}
	EndProjectSection
EndProject
Global
	GlobalSection(SolutionConfigurationPlatforms) = preSolution
		Debug|Any CPU = Debug|Any CPU
		Release|Any CPU = Release|Any CPU
	EndGlobalSection
	GlobalSection(ProjectConfigurationPlatforms) = postSolution
		{F8F32815-5C49-4340-8BCC-2AB32419A657}.Debug|Any CPU.ActiveCfg = Debug|Any CPU
		{F8F32815-5C49-4340-8BCC-2AB32419A657}.Debug|Any CPU.Build.0 = Debug|Any CPU
		{F8F32815-5C49-4340-8BCC-2AB32419A657}.Release|Any CPU.ActiveCfg = Release|Any CPU
		{F8F32815-5C49-4340-8BCC-2AB32419A657}.Release|Any CPU.Build.0 = Release|Any CPU
		{961A0CA6-12D0-4BD6-9333-B5C5B70DD402}.Debug|Any CPU.ActiveCfg = Debug|Any CPU
		{961A0CA6-12D0-4BD6-9333-B5C5B70DD402}.Debug|Any CPU.Build.0 = Debug|Any CPU
		{961A0CA6-12D0-4BD6-9333-B5C5B70DD402}.Release|Any CPU.ActiveCfg = Release|Any CPU
		{961A0CA6-12D0-4BD6-9333-B5C5B70DD402}.Release|Any CPU.Build.0 = Release|Any CPU
		{3CE07628-B884-456F-9ACD-054B59E7A734}.Debug|Any CPU.ActiveCfg = Debug|Any CPU
		{3CE07628-B884-456F-9ACD-054B59E7A734}.Debug|Any CPU.Build.0 = Debug|Any CPU
		{3CE07628-B884-456F-9ACD-054B59E7A734}.Release|Any CPU.ActiveCfg = Release|Any CPU
		{3CE07628-B884-456F-9ACD-054B59E7A734}.Release|Any CPU.Build.0 = Release|Any CPU
		{3D1DDBA0-37DE-461D-8FB9-1CF2541CA5D4}.Debug|Any CPU.ActiveCfg = Debug|Any CPU
		{3D1DDBA0-37DE-461D-8FB9-1CF2541CA5D4}.Debug|Any CPU.Build.0 = Debug|Any CPU
		{3D1DDBA0-37DE-461D-8FB9-1CF2541CA5D4}.Release|Any CPU.ActiveCfg = Release|Any CPU
		{3D1DDBA0-37DE-461D-8FB9-1CF2541CA5D4}.Release|Any CPU.Build.0 = Release|Any CPU
		{59CB4581-C5C1-4EFC-96B1-389BE9EC3F46}.Debug|Any CPU.ActiveCfg = Debug|Any CPU
		{59CB4581-C5C1-4EFC-96B1-389BE9EC3F46}.Debug|Any CPU.Build.0 = Debug|Any CPU
		{59CB4581-C5C1-4EFC-96B1-389BE9EC3F46}.Release|Any CPU.ActiveCfg = Release|Any CPU
		{59CB4581-C5C1-4EFC-96B1-389BE9EC3F46}.Release|Any CPU.Build.0 = Release|Any CPU
	EndGlobalSection
	GlobalSection(SolutionProperties) = preSolution
		HideSolutionNode = FALSE
	EndGlobalSection
	GlobalSection(NestedProjects) = preSolution
		{F8F32815-5C49-4340-8BCC-2AB32419A657} = {7EF4754F-D607-40D6-AAC5-EC83EFACB625}
		{961A0CA6-12D0-4BD6-9333-B5C5B70DD402} = {7EF4754F-D607-40D6-AAC5-EC83EFACB625}
		{3CE07628-B884-456F-9ACD-054B59E7A734} = {AA00EA92-6B11-4069-B989-301C6CC9D4F1}
		{3D1DDBA0-37DE-461D-8FB9-1CF2541CA5D4} = {AA00EA92-6B11-4069-B989-301C6CC9D4F1}
		{59CB4581-C5C1-4EFC-96B1-389BE9EC3F46} = {ADF5C2E9-6065-4A9F-B5CB-DDE4D4168192}
	EndGlobalSection
	GlobalSection(ExtensibilityGlobals) = postSolution
		SolutionGuid = {1E241344-0A8F-4812-A44A-3626E161066F}
	EndGlobalSection
EndGlobal
